// !$*UTF8*$!
{
	archiveVersion = 1;
	classes = {
	};
	objectVersion = 50;
	objects = {

/* Begin PBXBuildFile section */
		482E1BB624ABCE310050A8CA /* CacheManager.swift in Sources */ = {isa = PBXBuildFile; fileRef = 482E1BB524ABCE310050A8CA /* CacheManager.swift */; };
		482E1BB824ABD1B90050A8CA /* DetailViewController.swift in Sources */ = {isa = PBXBuildFile; fileRef = 482E1BB724ABD1B90050A8CA /* DetailViewController.swift */; };
		482E1BBB24ABD97F0050A8CA /* WebKit.framework in Frameworks */ = {isa = PBXBuildFile; fileRef = 482E1BBA24ABD97F0050A8CA /* WebKit.framework */; };
		4894560624ABC5C70089F6A1 /* VideoTableViewCell.swift in Sources */ = {isa = PBXBuildFile; fileRef = 4894560524ABC5C70089F6A1 /* VideoTableViewCell.swift */; };
		48B675D324AAC4D60033DAE5 /* AppDelegate.swift in Sources */ = {isa = PBXBuildFile; fileRef = 48B675D224AAC4D60033DAE5 /* AppDelegate.swift */; };
		48B675D524AAC4D60033DAE5 /* SceneDelegate.swift in Sources */ = {isa = PBXBuildFile; fileRef = 48B675D424AAC4D60033DAE5 /* SceneDelegate.swift */; };
		48B675D724AAC4D60033DAE5 /* ViewController.swift in Sources */ = {isa = PBXBuildFile; fileRef = 48B675D624AAC4D60033DAE5 /* ViewController.swift */; };
		48B675DA24AAC4D60033DAE5 /* Main.storyboard in Resources */ = {isa = PBXBuildFile; fileRef = 48B675D824AAC4D60033DAE5 /* Main.storyboard */; };
		48B675DC24AAC4D90033DAE5 /* Assets.xcassets in Resources */ = {isa = PBXBuildFile; fileRef = 48B675DB24AAC4D90033DAE5 /* Assets.xcassets */; };
		48B675DF24AAC4D90033DAE5 /* LaunchScreen.storyboard in Resources */ = {isa = PBXBuildFile; fileRef = 48B675DD24AAC4D90033DAE5 /* LaunchScreen.storyboard */; };
		48B675E724AAC7650033DAE5 /* Constants.swift in Sources */ = {isa = PBXBuildFile; fileRef = 48B675E624AAC7650033DAE5 /* Constants.swift */; };
		48B675E924AAC77D0033DAE5 /* Model.swift in Sources */ = {isa = PBXBuildFile; fileRef = 48B675E824AAC77D0033DAE5 /* Model.swift */; };
		48B675EB24AAC7860033DAE5 /* Video.swift in Sources */ = {isa = PBXBuildFile; fileRef = 48B675EA24AAC7860033DAE5 /* Video.swift */; };
		48B675ED24AAC7930033DAE5 /* Response.swift in Sources */ = {isa = PBXBuildFile; fileRef = 48B675EC24AAC7930033DAE5 /* Response.swift */; };
/* End PBXBuildFile section */

/* Begin PBXFileReference section */
		482E1BB524ABCE310050A8CA /* CacheManager.swift */ = {isa = PBXFileReference; lastKnownFileType = sourcecode.swift; path = CacheManager.swift; sourceTree = "<group>"; };
		482E1BB724ABD1B90050A8CA /* DetailViewController.swift */ = {isa = PBXFileReference; lastKnownFileType = sourcecode.swift; path = DetailViewController.swift; sourceTree = "<group>"; };
		482E1BBA24ABD97F0050A8CA /* WebKit.framework */ = {isa = PBXFileReference; lastKnownFileType = wrapper.framework; name = WebKit.framework; path = System/Library/Frameworks/WebKit.framework; sourceTree = SDKROOT; };
		4894560524ABC5C70089F6A1 /* VideoTableViewCell.swift */ = {isa = PBXFileReference; lastKnownFileType = sourcecode.swift; path = VideoTableViewCell.swift; sourceTree = "<group>"; };
		48B675CF24AAC4D60033DAE5 /* Youtube.app */ = {isa = PBXFileReference; explicitFileType = wrapper.application; includeInIndex = 0; path = Youtube.app; sourceTree = BUILT_PRODUCTS_DIR; };
		48B675D224AAC4D60033DAE5 /* AppDelegate.swift */ = {isa = PBXFileReference; lastKnownFileType = sourcecode.swift; path = AppDelegate.swift; sourceTree = "<group>"; };
		48B675D424AAC4D60033DAE5 /* SceneDelegate.swift */ = {isa = PBXFileReference; lastKnownFileType = sourcecode.swift; path = SceneDelegate.swift; sourceTree = "<group>"; };
		48B675D624AAC4D60033DAE5 /* ViewController.swift */ = {isa = PBXFileReference; lastKnownFileType = sourcecode.swift; path = ViewController.swift; sourceTree = "<group>"; };
		48B675D924AAC4D60033DAE5 /* Base */ = {isa = PBXFileReference; lastKnownFileType = file.storyboard; name = Base; path = Base.lproj/Main.storyboard; sourceTree = "<group>"; };
		48B675DB24AAC4D90033DAE5 /* Assets.xcassets */ = {isa = PBXFileReference; lastKnownFileType = folder.assetcatalog; path = Assets.xcassets; sourceTree = "<group>"; };
		48B675DE24AAC4D90033DAE5 /* Base */ = {isa = PBXFileReference; lastKnownFileType = file.storyboard; name = Base; path = Base.lproj/LaunchScreen.storyboard; sourceTree = "<group>"; };
		48B675E024AAC4D90033DAE5 /* Info.plist */ = {isa = PBXFileReference; lastKnownFileType = text.plist.xml; path = Info.plist; sourceTree = "<group>"; };
		48B675E624AAC7650033DAE5 /* Constants.swift */ = {isa = PBXFileReference; lastKnownFileType = sourcecode.swift; path = Constants.swift; sourceTree = "<group>"; };
		48B675E824AAC77D0033DAE5 /* Model.swift */ = {isa = PBXFileReference; lastKnownFileType = sourcecode.swift; path = Model.swift; sourceTree = "<group>"; };
		48B675EA24AAC7860033DAE5 /* Video.swift */ = {isa = PBXFileReference; lastKnownFileType = sourcecode.swift; path = Video.swift; sourceTree = "<group>"; };
		48B675EC24AAC7930033DAE5 /* Response.swift */ = {isa = PBXFileReference; lastKnownFileType = sourcecode.swift; path = Response.swift; sourceTree = "<group>"; };
/* End PBXFileReference section */

/* Begin PBXFrameworksBuildPhase section */
		48B675CC24AAC4D60033DAE5 /* Frameworks */ = {
			isa = PBXFrameworksBuildPhase;
			buildActionMask = 2147483647;
			files = (
				482E1BBB24ABD97F0050A8CA /* WebKit.framework in Frameworks */,
			);
			runOnlyForDeploymentPostprocessing = 0;
		};
/* End PBXFrameworksBuildPhase section */

/* Begin PBXGroup section */
		482E1BB924ABD97F0050A8CA /* Frameworks */ = {
			isa = PBXGroup;
			children = (
				482E1BBA24ABD97F0050A8CA /* WebKit.framework */,
			);
			name = Frameworks;
			sourceTree = "<group>";
		};
		4894560724ABC5D50089F6A1 /* ViewControllers */ = {
			isa = PBXGroup;
			children = (
				48B675D624AAC4D60033DAE5 /* ViewController.swift */,
				482E1BB724ABD1B90050A8CA /* DetailViewController.swift */,
			);
			path = ViewControllers;
			sourceTree = "<group>";
		};
		4894560824ABC5E50089F6A1 /* Views */ = {
			isa = PBXGroup;
			children = (
				4894560524ABC5C70089F6A1 /* VideoTableViewCell.swift */,
			);
			path = Views;
			sourceTree = "<group>";
		};
		4894560924ABC5EA0089F6A1 /* Models */ = {
			isa = PBXGroup;
			children = (
				48B675E824AAC77D0033DAE5 /* Model.swift */,
				48B675EA24AAC7860033DAE5 /* Video.swift */,
				48B675EC24AAC7930033DAE5 /* Response.swift */,
			);
			path = Models;
			sourceTree = "<group>";
		};
		4894560A24ABC5F20089F6A1 /* Storyboards */ = {
			isa = PBXGroup;
			children = (
				48B675D824AAC4D60033DAE5 /* Main.storyboard */,
				48B675DD24AAC4D90033DAE5 /* LaunchScreen.storyboard */,
			);
			path = Storyboards;
			sourceTree = "<group>";
		};
		4894560B24ABC5FB0089F6A1 /* helpers */ = {
			isa = PBXGroup;
			children = (
				48B675E624AAC7650033DAE5 /* Constants.swift */,
				482E1BB524ABCE310050A8CA /* CacheManager.swift */,
			);
			path = helpers;
			sourceTree = "<group>";
		};
		48B675C624AAC4D50033DAE5 = {
			isa = PBXGroup;
			children = (
				48B675D124AAC4D60033DAE5 /* Youtube */,
				48B675D024AAC4D60033DAE5 /* Products */,
				482E1BB924ABD97F0050A8CA /* Frameworks */,
			);
			sourceTree = "<group>";
		};
		48B675D024AAC4D60033DAE5 /* Products */ = {
			isa = PBXGroup;
			children = (
				48B675CF24AAC4D60033DAE5 /* Youtube.app */,
			);
			name = Products;
			sourceTree = "<group>";
		};
		48B675D124AAC4D60033DAE5 /* Youtube */ = {
			isa = PBXGroup;
			children = (
				48B675D224AAC4D60033DAE5 /* AppDelegate.swift */,
				48B675D424AAC4D60033DAE5 /* SceneDelegate.swift */,
				4894560B24ABC5FB0089F6A1 /* helpers */,
				4894560A24ABC5F20089F6A1 /* Storyboards */,
				4894560924ABC5EA0089F6A1 /* Models */,
				4894560824ABC5E50089F6A1 /* Views */,
				4894560724ABC5D50089F6A1 /* ViewControllers */,
				48B675DB24AAC4D90033DAE5 /* Assets.xcassets */,
				48B675E024AAC4D90033DAE5 /* Info.plist */,
			);
			path = Youtube;
			sourceTree = "<group>";
		};
/* End PBXGroup section */

/* Begin PBXNativeTarget section */
		48B675CE24AAC4D60033DAE5 /* Youtube */ = {
			isa = PBXNativeTarget;
			buildConfigurationList = 48B675E324AAC4D90033DAE5 /* Build configuration list for PBXNativeTarget "Youtube" */;
			buildPhases = (
				48B675CB24AAC4D60033DAE5 /* Sources */,
				48B675CC24AAC4D60033DAE5 /* Frameworks */,
				48B675CD24AAC4D60033DAE5 /* Resources */,
			);
			buildRules = (
			);
			dependencies = (
			);
			name = Youtube;
			productName = Youtube;
			productReference = 48B675CF24AAC4D60033DAE5 /* Youtube.app */;
			productType = "com.apple.product-type.application";
		};
/* End PBXNativeTarget section */

/* Begin PBXProject section */
		48B675C724AAC4D50033DAE5 /* Project object */ = {
			isa = PBXProject;
			attributes = {
				LastSwiftUpdateCheck = 1150;
				LastUpgradeCheck = 1150;
				ORGANIZATIONNAME = "D O G";
				TargetAttributes = {
					48B675CE24AAC4D60033DAE5 = {
						CreatedOnToolsVersion = 11.5;
					};
				};
			};
			buildConfigurationList = 48B675CA24AAC4D50033DAE5 /* Build configuration list for PBXProject "Youtube" */;
			compatibilityVersion = "Xcode 9.3";
			developmentRegion = en;
			hasScannedForEncodings = 0;
			knownRegions = (
				en,
				Base,
			);
			mainGroup = 48B675C624AAC4D50033DAE5;
			productRefGroup = 48B675D024AAC4D60033DAE5 /* Products */;
			projectDirPath = "";
			projectRoot = "";
			targets = (
				48B675CE24AAC4D60033DAE5 /* Youtube */,
			);
		};
/* End PBXProject section */

/* Begin PBXResourcesBuildPhase section */
		48B675CD24AAC4D60033DAE5 /* Resources */ = {
			isa = PBXResourcesBuildPhase;
			buildActionMask = 2147483647;
			files = (
				48B675DF24AAC4D90033DAE5 /* LaunchScreen.storyboard in Resources */,
				48B675DC24AAC4D90033DAE5 /* Assets.xcassets in Resources */,
				48B675DA24AAC4D60033DAE5 /* Main.storyboard in Resources */,
			);
			runOnlyForDeploymentPostprocessing = 0;
		};
/* End PBXResourcesBuildPhase section */

/* Begin PBXSourcesBuildPhase section */
		48B675CB24AAC4D60033DAE5 /* Sources */ = {
			isa = PBXSourcesBuildPhase;
			buildActionMask = 2147483647;
			files = (
				48B675E924AAC77D0033DAE5 /* Model.swift in Sources */,
				482E1BB624ABCE310050A8CA /* CacheManager.swift in Sources */,
				48B675EB24AAC7860033DAE5 /* Video.swift in Sources */,
				48B675D724AAC4D60033DAE5 /* ViewController.swift in Sources */,
				48B675D324AAC4D60033DAE5 /* AppDelegate.swift in Sources */,
				48B675D524AAC4D60033DAE5 /* SceneDelegate.swift in Sources */,
				4894560624ABC5C70089F6A1 /* VideoTableViewCell.swift in Sources */,
				482E1BB824ABD1B90050A8CA /* DetailViewController.swift in Sources */,
				48B675E724AAC7650033DAE5 /* Constants.swift in Sources */,
				48B675ED24AAC7930033DAE5 /* Response.swift in Sources */,
			);
			runOnlyForDeploymentPostprocessing = 0;
		};
/* End PBXSourcesBuildPhase section */

/* Begin PBXVariantGroup section */
		48B675D824AAC4D60033DAE5 /* Main.storyboard */ = {
			isa = PBXVariantGroup;
			children = (
				48B675D924AAC4D60033DAE5 /* Base */,
			);
			name = Main.storyboard;
			sourceTree = "<group>";
		};
		48B675DD24AAC4D90033DAE5 /* LaunchScreen.storyboard */ = {
			isa = PBXVariantGroup;
			children = (
				48B675DE24AAC4D90033DAE5 /* Base */,
			);
			name = LaunchScreen.storyboard;
			sourceTree = "<group>";
		};
/* End PBXVariantGroup section */

/* Begin XCBuildConfiguration section */
		48B675E124AAC4D90033DAE5 /* Debug */ = {
			isa = XCBuildConfiguration;
			buildSettings = {
				ALWAYS_SEARCH_USER_PATHS = NO;
				CLANG_ANALYZER_NONNULL = YES;
				CLANG_ANALYZER_NUMBER_OBJECT_CONVERSION = YES_AGGRESSIVE;
				CLANG_CXX_LANGUAGE_STANDARD = "gnu++14";
				CLANG_CXX_LIBRARY = "libc++";
				CLANG_ENABLE_MODULES = YES;
				CLANG_ENABLE_OBJC_ARC = YES;
				CLANG_ENABLE_OBJC_WEAK = YES;
				CLANG_WARN_BLOCK_CAPTURE_AUTORELEASING = YES;
				CLANG_WARN_BOOL_CONVERSION = YES;
				CLANG_WARN_COMMA = YES;
				CLANG_WARN_CONSTANT_CONVERSION = YES;
				CLANG_WARN_DEPRECATED_OBJC_IMPLEMENTATIONS = YES;
				CLANG_WARN_DIRECT_OBJC_ISA_USAGE = YES_ERROR;
				CLANG_WARN_DOCUMENTATION_COMMENTS = YES;
				CLANG_WARN_EMPTY_BODY = YES;
				CLANG_WARN_ENUM_CONVERSION = YES;
				CLANG_WARN_INFINITE_RECURSION = YES;
				CLANG_WARN_INT_CONVERSION = YES;
				CLANG_WARN_NON_LITERAL_NULL_CONVERSION = YES;
				CLANG_WARN_OBJC_IMPLICIT_RETAIN_SELF = YES;
				CLANG_WARN_OBJC_LITERAL_CONVERSION = YES;
				CLANG_WARN_OBJC_ROOT_CLASS = YES_ERROR;
				CLANG_WARN_RANGE_LOOP_ANALYSIS = YES;
				CLANG_WARN_STRICT_PROTOTYPES = YES;
				CLANG_WARN_SUSPICIOUS_MOVE = YES;
				CLANG_WARN_UNGUARDED_AVAILABILITY = YES_AGGRESSIVE;
				CLANG_WARN_UNREACHABLE_CODE = YES;
				CLANG_WARN__DUPLICATE_METHOD_MATCH = YES;
				COPY_PHASE_STRIP = NO;
				DEBUG_INFORMATION_FORMAT = dwarf;
				ENABLE_STRICT_OBJC_MSGSEND = YES;
				ENABLE_TESTABILITY = YES;
				GCC_C_LANGUAGE_STANDARD = gnu11;
				GCC_DYNAMIC_NO_PIC = NO;
				GCC_NO_COMMON_BLOCKS = YES;
				GCC_OPTIMIZATION_LEVEL = 0;
				GCC_PREPROCESSOR_DEFINITIONS = (
					"DEBUG=1",
					"$(inherited)",
				);
				GCC_WARN_64_TO_32_BIT_CONVERSION = YES;
				GCC_WARN_ABOUT_RETURN_TYPE = YES_ERROR;
				GCC_WARN_UNDECLARED_SELECTOR = YES;
				GCC_WARN_UNINITIALIZED_AUTOS = YES_AGGRESSIVE;
				GCC_WARN_UNUSED_FUNCTION = YES;
				GCC_WARN_UNUSED_VARIABLE = YES;
				IPHONEOS_DEPLOYMENT_TARGET = 13.5;
				MTL_ENABLE_DEBUG_INFO = INCLUDE_SOURCE;
				MTL_FAST_MATH = YES;
				ONLY_ACTIVE_ARCH = YES;
				SDKROOT = iphoneos;
				SWIFT_ACTIVE_COMPILATION_CONDITIONS = DEBUG;
				SWIFT_OPTIMIZATION_LEVEL = "-Onone";
			};
			name = Debug;
		};
		48B675E224AAC4D90033DAE5 /* Release */ = {
			isa = XCBuildConfiguration;
			buildSettings = {
				ALWAYS_SEARCH_USER_PATHS = NO;
				CLANG_ANALYZER_NONNULL = YES;
				CLANG_ANALYZER_NUMBER_OBJECT_CONVERSION = YES_AGGRESSIVE;
				CLANG_CXX_LANGUAGE_STANDARD = "gnu++14";
				CLANG_CXX_LIBRARY = "libc++";
				CLANG_ENABLE_MODULES = YES;
				CLANG_ENABLE_OBJC_ARC = YES;
				CLANG_ENABLE_OBJC_WEAK = YES;
				CLANG_WARN_BLOCK_CAPTURE_AUTORELEASING = YES;
				CLANG_WARN_BOOL_CONVERSION = YES;
				CLANG_WARN_COMMA = YES;
				CLANG_WARN_CONSTANT_CONVERSION = YES;
				CLANG_WARN_DEPRECATED_OBJC_IMPLEMENTATIONS = YES;
				CLANG_WARN_DIRECT_OBJC_ISA_USAGE = YES_ERROR;
				CLANG_WARN_DOCUMENTATION_COMMENTS = YES;
				CLANG_WARN_EMPTY_BODY = YES;
				CLANG_WARN_ENUM_CONVERSION = YES;
				CLANG_WARN_INFINITE_RECURSION = YES;
				CLANG_WARN_INT_CONVERSION = YES;
				CLANG_WARN_NON_LITERAL_NULL_CONVERSION = YES;
				CLANG_WARN_OBJC_IMPLICIT_RETAIN_SELF = YES;
				CLANG_WARN_OBJC_LITERAL_CONVERSION = YES;
				CLANG_WARN_OBJC_ROOT_CLASS = YES_ERROR;
				CLANG_WARN_RANGE_LOOP_ANALYSIS = YES;
				CLANG_WARN_STRICT_PROTOTYPES = YES;
				CLANG_WARN_SUSPICIOUS_MOVE = YES;
				CLANG_WARN_UNGUARDED_AVAILABILITY = YES_AGGRESSIVE;
				CLANG_WARN_UNREACHABLE_CODE = YES;
				CLANG_WARN__DUPLICATE_METHOD_MATCH = YES;
				COPY_PHASE_STRIP = NO;
				DEBUG_INFORMATION_FORMAT = "dwarf-with-dsym";
				ENABLE_NS_ASSERTIONS = NO;
				ENABLE_STRICT_OBJC_MSGSEND = YES;
				GCC_C_LANGUAGE_STANDARD = gnu11;
				GCC_NO_COMMON_BLOCKS = YES;
				GCC_WARN_64_TO_32_BIT_CONVERSION = YES;
				GCC_WARN_ABOUT_RETURN_TYPE = YES_ERROR;
				GCC_WARN_UNDECLARED_SELECTOR = YES;
				GCC_WARN_UNINITIALIZED_AUTOS = YES_AGGRESSIVE;
				GCC_WARN_UNUSED_FUNCTION = YES;
				GCC_WARN_UNUSED_VARIABLE = YES;
				IPHONEOS_DEPLOYMENT_TARGET = 13.5;
				MTL_ENABLE_DEBUG_INFO = NO;
				MTL_FAST_MATH = YES;
				SDKROOT = iphoneos;
				SWIFT_COMPILATION_MODE = wholemodule;
				SWIFT_OPTIMIZATION_LEVEL = "-O";
				VALIDATE_PRODUCT = YES;
			};
			name = Release;
		};
		48B675E424AAC4D90033DAE5 /* Debug */ = {
			isa = XCBuildConfiguration;
			buildSettings = {
				ASSETCATALOG_COMPILER_APPICON_NAME = AppIcon;
				CODE_SIGN_STYLE = Automatic;
				DEVELOPMENT_TEAM = 28Y3AJZ4MW;
				INFOPLIST_FILE = Youtube/Info.plist;
				LD_RUNPATH_SEARCH_PATHS = (
					"$(inherited)",
					"@executable_path/Frameworks",
				);
				PRODUCT_BUNDLE_IDENTIFIER = com.DOG.Youtube;
				PRODUCT_NAME = "$(TARGET_NAME)";
				SWIFT_VERSION = 5.0;
				TARGETED_DEVICE_FAMILY = "1,2";
			};
			name = Debug;
		};
		48B675E524AAC4D90033DAE5 /* Release */ = {
			isa = XCBuildConfiguration;
			buildSettings = {
				ASSETCATALOG_COMPILER_APPICON_NAME = AppIcon;
				CODE_SIGN_STYLE = Automatic;
				DEVELOPMENT_TEAM = 28Y3AJZ4MW;
				INFOPLIST_FILE = Youtube/Info.plist;
				LD_RUNPATH_SEARCH_PATHS = (
					"$(inherited)",
					"@executable_path/Frameworks",
				);
				PRODUCT_BUNDLE_IDENTIFIER = com.DOG.Youtube;
				PRODUCT_NAME = "$(TARGET_NAME)";
				SWIFT_VERSION = 5.0;
				TARGETED_DEVICE_FAMILY = "1,2";
			};
			name = Release;
		};
/* End XCBuildConfiguration section */

/* Begin XCConfigurationList section */
		48B675CA24AAC4D50033DAE5 /* Build configuration list for PBXProject "Youtube" */ = {
			isa = XCConfigurationList;
			buildConfigurations = (
				48B675E124AAC4D90033DAE5 /* Debug */,
				48B675E224AAC4D90033DAE5 /* Release */,
			);
			defaultConfigurationIsVisible = 0;
			defaultConfigurationName = Release;
		};
		48B675E324AAC4D90033DAE5 /* Build configuration list for PBXNativeTarget "Youtube" */ = {
			isa = XCConfigurationList;
			buildConfigurations = (
				48B675E424AAC4D90033DAE5 /* Debug */,
				48B675E524AAC4D90033DAE5 /* Release */,
			);
			defaultConfigurationIsVisible = 0;
			defaultConfigurationName = Release;
		};
/* End XCConfigurationList section */
	};
	rootObject = 48B675C724AAC4D50033DAE5 /* Project object */;
}
